
Microsoft Visual Studio Solution File, Format Version 12.00
# Visual Studio 14
VisualStudioVersion = 14.0.25420.1
MinimumVisualStudioVersion = 10.0.40219.1
Project("{FAE04EC0-301F-11D3-BF4B-00C04F79EFBC}") = "SampleEntities", "SampleEntities\SampleEntities.csproj", "{2066514A-3294-41F6-BE31-E05224EA7EB6}"
EndProject
Project("{FAE04EC0-301F-11D3-BF4B-00C04F79EFBC}") = "EntityFrameworkMigrations", "EntityFrameworkMigrations\EntityFrameworkMigrations.csproj", "{A7B387DC-E544-4E9C-988F-2D803ABF7355}"
EndProject
Global
	GlobalSection(SolutionConfigurationPlatforms) = preSolution
		Debug|Any CPU = Debug|Any CPU
		Release|Any CPU = Release|Any CPU
	EndGlobalSection
	GlobalSection(ProjectConfigurationPlatforms) = postSolution
		{2066514A-3294-41F6-BE31-E05224EA7EB6}.Debug|Any CPU.ActiveCfg = Debug|Any CPU
		{2066514A-3294-41F6-BE31-E05224EA7EB6}.Debug|Any CPU.Build.0 = Debug|Any CPU
		{2066514A-3294-41F6-BE31-E05224EA7EB6}.Release|Any CPU.ActiveCfg = Release|Any CPU
		{2066514A-3294-41F6-BE31-E05224EA7EB6}.Release|Any CPU.Build.0 = Release|Any CPU
		{A7B387DC-E544-4E9C-988F-2D803ABF7355}.Debug|Any CPU.ActiveCfg = Debug|Any CPU
		{A7B387DC-E544-4E9C-988F-2D803ABF7355}.Debug|Any CPU.Build.0 = Debug|Any CPU
		{A7B387DC-E544-4E9C-988F-2D803ABF7355}.Release|Any CPU.ActiveCfg = Release|Any CPU
		{A7B387DC-E544-4E9C-988F-2D803ABF7355}.Release|Any CPU.Build.0 = Release|Any CPU
	EndGlobalSection
	GlobalSection(SolutionProperties) = preSolution
		HideSolutionNode = FALSE
	EndGlobalSection
EndGlobal
